
Microsoft Visual Studio Solution File, Format Version 11.00
# Visual Studio 2010
Project("{FAE04EC0-301F-11D3-BF4B-00C04F79EFBC}") = "PowderedToast.Core", "src\PowderedToast.Core\PowderedToast.Core.csproj", "{3EC2B75C-87DD-465E-B057-6E9994D2080B}"
EndProject
Global
	GlobalSection(SolutionConfigurationPlatforms) = preSolution
		Debug|Any CPU = Debug|Any CPU
		Release|Any CPU = Release|Any CPU
	EndGlobalSection
	GlobalSection(ProjectConfigurationPlatforms) = postSolution
		{3EC2B75C-87DD-465E-B057-6E9994D2080B}.Debug|Any CPU.ActiveCfg = Debug|Any CPU
		{3EC2B75C-87DD-465E-B057-6E9994D2080B}.Debug|Any CPU.Build.0 = Debug|Any CPU
		{3EC2B75C-87DD-465E-B057-6E9994D2080B}.Release|Any CPU.ActiveCfg = Release|Any CPU
		{3EC2B75C-87DD-465E-B057-6E9994D2080B}.Release|Any CPU.Build.0 = Release|Any CPU
	EndGlobalSection
	GlobalSection(SolutionProperties) = preSolution
		HideSolutionNode = FALSE
	EndGlobalSection
EndGlobal
